// !$*UTF8*$!
{
	archiveVersion = 1;
	classes = {
	};
	objectVersion = 50;
	objects = {

/* Begin PBXBuildFile section */
		ADC68E5022EF1E8C0049DD61 /* AppDelegate.swift in Sources */ = {isa = PBXBuildFile; fileRef = ADC68E4F22EF1E8C0049DD61 /* AppDelegate.swift */; };
		ADC68E5222EF1E8C0049DD61 /* ViewController.swift in Sources */ = {isa = PBXBuildFile; fileRef = ADC68E5122EF1E8C0049DD61 /* ViewController.swift */; };
		ADC68E5522EF1E8C0049DD61 /* Main.storyboard in Resources */ = {isa = PBXBuildFile; fileRef = ADC68E5322EF1E8C0049DD61 /* Main.storyboard */; };
		ADC68E5722EF1E8F0049DD61 /* Assets.xcassets in Resources */ = {isa = PBXBuildFile; fileRef = ADC68E5622EF1E8F0049DD61 /* Assets.xcassets */; };
		ADC68E5A22EF1E8F0049DD61 /* LaunchScreen.storyboard in Resources */ = {isa = PBXBuildFile; fileRef = ADC68E5822EF1E8F0049DD61 /* LaunchScreen.storyboard */; };
		ADC68E6522EF1E8F0049DD61 /* ScrollViewDynamicContainerHeightAutolayoutTests.swift in Sources */ = {isa = PBXBuildFile; fileRef = ADC68E6422EF1E8F0049DD61 /* ScrollViewDynamicContainerHeightAutolayoutTests.swift */; };
		ADC68E7122EF1F0E0049DD61 /* FixHeightContainerViewController1.swift in Sources */ = {isa = PBXBuildFile; fileRef = ADC68E6F22EF1F0D0049DD61 /* FixHeightContainerViewController1.swift */; };
		ADC68E7222EF1F0E0049DD61 /* FixHeightContainerViewController1.xib in Resources */ = {isa = PBXBuildFile; fileRef = ADC68E7022EF1F0E0049DD61 /* FixHeightContainerViewController1.xib */; };
		ADC68E7522EF1F700049DD61 /* FixHeightContainerViewController2.swift in Sources */ = {isa = PBXBuildFile; fileRef = ADC68E7322EF1F700049DD61 /* FixHeightContainerViewController2.swift */; };
		ADC68E7622EF1F700049DD61 /* FixHeightContainerViewController2.xib in Resources */ = {isa = PBXBuildFile; fileRef = ADC68E7422EF1F700049DD61 /* FixHeightContainerViewController2.xib */; };
		ADC68E7922EF20230049DD61 /* DynamicHeightContainerViewController1.swift in Sources */ = {isa = PBXBuildFile; fileRef = ADC68E7722EF20230049DD61 /* DynamicHeightContainerViewController1.swift */; };
		ADC68E7A22EF20230049DD61 /* DynamicHeightContainerViewController1.xib in Resources */ = {isa = PBXBuildFile; fileRef = ADC68E7822EF20230049DD61 /* DynamicHeightContainerViewController1.xib */; };
/* End PBXBuildFile section */

/* Begin PBXContainerItemProxy section */
		ADC68E6122EF1E8F0049DD61 /* PBXContainerItemProxy */ = {
			isa = PBXContainerItemProxy;
			containerPortal = ADC68E4422EF1E8C0049DD61 /* Project object */;
			proxyType = 1;
			remoteGlobalIDString = ADC68E4B22EF1E8C0049DD61;
			remoteInfo = ScrollViewDynamicContainerHeightAutolayout;
		};
/* End PBXContainerItemProxy section */

/* Begin PBXFileReference section */
		ADC68E4C22EF1E8C0049DD61 /* ScrollViewDynamicContainerHeightAutolayout.app */ = {isa = PBXFileReference; explicitFileType = wrapper.application; includeInIndex = 0; path = ScrollViewDynamicContainerHeightAutolayout.app; sourceTree = BUILT_PRODUCTS_DIR; };
		ADC68E4F22EF1E8C0049DD61 /* AppDelegate.swift */ = {isa = PBXFileReference; lastKnownFileType = sourcecode.swift; path = AppDelegate.swift; sourceTree = "<group>"; };
		ADC68E5122EF1E8C0049DD61 /* ViewController.swift */ = {isa = PBXFileReference; lastKnownFileType = sourcecode.swift; path = ViewController.swift; sourceTree = "<group>"; };
		ADC68E5422EF1E8C0049DD61 /* Base */ = {isa = PBXFileReference; lastKnownFileType = file.storyboard; name = Base; path = Base.lproj/Main.storyboard; sourceTree = "<group>"; };
		ADC68E5622EF1E8F0049DD61 /* Assets.xcassets */ = {isa = PBXFileReference; lastKnownFileType = folder.assetcatalog; path = Assets.xcassets; sourceTree = "<group>"; };
		ADC68E5922EF1E8F0049DD61 /* Base */ = {isa = PBXFileReference; lastKnownFileType = file.storyboard; name = Base; path = Base.lproj/LaunchScreen.storyboard; sourceTree = "<group>"; };
		ADC68E5B22EF1E8F0049DD61 /* Info.plist */ = {isa = PBXFileReference; lastKnownFileType = text.plist.xml; path = Info.plist; sourceTree = "<group>"; };
		ADC68E6022EF1E8F0049DD61 /* ScrollViewDynamicContainerHeightAutolayoutTests.xctest */ = {isa = PBXFileReference; explicitFileType = wrapper.cfbundle; includeInIndex = 0; path = ScrollViewDynamicContainerHeightAutolayoutTests.xctest; sourceTree = BUILT_PRODUCTS_DIR; };
		ADC68E6422EF1E8F0049DD61 /* ScrollViewDynamicContainerHeightAutolayoutTests.swift */ = {isa = PBXFileReference; lastKnownFileType = sourcecode.swift; path = ScrollViewDynamicContainerHeightAutolayoutTests.swift; sourceTree = "<group>"; };
		ADC68E6622EF1E8F0049DD61 /* Info.plist */ = {isa = PBXFileReference; lastKnownFileType = text.plist.xml; path = Info.plist; sourceTree = "<group>"; };
		ADC68E6F22EF1F0D0049DD61 /* FixHeightContainerViewController1.swift */ = {isa = PBXFileReference; lastKnownFileType = sourcecode.swift; path = FixHeightContainerViewController1.swift; sourceTree = "<group>"; };
		ADC68E7022EF1F0E0049DD61 /* FixHeightContainerViewController1.xib */ = {isa = PBXFileReference; lastKnownFileType = file.xib; path = FixHeightContainerViewController1.xib; sourceTree = "<group>"; };
		ADC68E7322EF1F700049DD61 /* FixHeightContainerViewController2.swift */ = {isa = PBXFileReference; lastKnownFileType = sourcecode.swift; path = FixHeightContainerViewController2.swift; sourceTree = "<group>"; };
		ADC68E7422EF1F700049DD61 /* FixHeightContainerViewController2.xib */ = {isa = PBXFileReference; lastKnownFileType = file.xib; path = FixHeightContainerViewController2.xib; sourceTree = "<group>"; };
		ADC68E7722EF20230049DD61 /* DynamicHeightContainerViewController1.swift */ = {isa = PBXFileReference; lastKnownFileType = sourcecode.swift; path = DynamicHeightContainerViewController1.swift; sourceTree = "<group>"; };
		ADC68E7822EF20230049DD61 /* DynamicHeightContainerViewController1.xib */ = {isa = PBXFileReference; lastKnownFileType = file.xib; path = DynamicHeightContainerViewController1.xib; sourceTree = "<group>"; };
/* End PBXFileReference section */

/* Begin PBXFrameworksBuildPhase section */
		ADC68E4922EF1E8C0049DD61 /* Frameworks */ = {
			isa = PBXFrameworksBuildPhase;
			buildActionMask = 2147483647;
			files = (
			);
			runOnlyForDeploymentPostprocessing = 0;
		};
		ADC68E5D22EF1E8F0049DD61 /* Frameworks */ = {
			isa = PBXFrameworksBuildPhase;
			buildActionMask = 2147483647;
			files = (
			);
			runOnlyForDeploymentPostprocessing = 0;
		};
/* End PBXFrameworksBuildPhase section */

/* Begin PBXGroup section */
		ADC68E4322EF1E8C0049DD61 = {
			isa = PBXGroup;
			children = (
				ADC68E4E22EF1E8C0049DD61 /* ScrollViewDynamicContainerHeightAutolayout */,
				ADC68E6322EF1E8F0049DD61 /* ScrollViewDynamicContainerHeightAutolayoutTests */,
				ADC68E4D22EF1E8C0049DD61 /* Products */,
			);
			sourceTree = "<group>";
		};
		ADC68E4D22EF1E8C0049DD61 /* Products */ = {
			isa = PBXGroup;
			children = (
				ADC68E4C22EF1E8C0049DD61 /* ScrollViewDynamicContainerHeightAutolayout.app */,
				ADC68E6022EF1E8F0049DD61 /* ScrollViewDynamicContainerHeightAutolayoutTests.xctest */,
			);
			name = Products;
			sourceTree = "<group>";
		};
		ADC68E4E22EF1E8C0049DD61 /* ScrollViewDynamicContainerHeightAutolayout */ = {
			isa = PBXGroup;
			children = (
				ADC68E4F22EF1E8C0049DD61 /* AppDelegate.swift */,
				ADC68E5122EF1E8C0049DD61 /* ViewController.swift */,
				ADC68E5322EF1E8C0049DD61 /* Main.storyboard */,
				ADC68E6F22EF1F0D0049DD61 /* FixHeightContainerViewController1.swift */,
				ADC68E7022EF1F0E0049DD61 /* FixHeightContainerViewController1.xib */,
				ADC68E7322EF1F700049DD61 /* FixHeightContainerViewController2.swift */,
				ADC68E7422EF1F700049DD61 /* FixHeightContainerViewController2.xib */,
				ADC68E7722EF20230049DD61 /* DynamicHeightContainerViewController1.swift */,
				ADC68E7822EF20230049DD61 /* DynamicHeightContainerViewController1.xib */,
				ADC68E5622EF1E8F0049DD61 /* Assets.xcassets */,
				ADC68E5822EF1E8F0049DD61 /* LaunchScreen.storyboard */,
				ADC68E5B22EF1E8F0049DD61 /* Info.plist */,
			);
			path = ScrollViewDynamicContainerHeightAutolayout;
			sourceTree = "<group>";
		};
		ADC68E6322EF1E8F0049DD61 /* ScrollViewDynamicContainerHeightAutolayoutTests */ = {
			isa = PBXGroup;
			children = (
				ADC68E6422EF1E8F0049DD61 /* ScrollViewDynamicContainerHeightAutolayoutTests.swift */,
				ADC68E6622EF1E8F0049DD61 /* Info.plist */,
			);
			path = ScrollViewDynamicContainerHeightAutolayoutTests;
			sourceTree = "<group>";
		};
/* End PBXGroup section */

/* Begin PBXNativeTarget section */
		ADC68E4B22EF1E8C0049DD61 /* ScrollViewDynamicContainerHeightAutolayout */ = {
			isa = PBXNativeTarget;
			buildConfigurationList = ADC68E6922EF1E8F0049DD61 /* Build configuration list for PBXNativeTarget "ScrollViewDynamicContainerHeightAutolayout" */;
			buildPhases = (
				ADC68E4822EF1E8C0049DD61 /* Sources */,
				ADC68E4922EF1E8C0049DD61 /* Frameworks */,
				ADC68E4A22EF1E8C0049DD61 /* Resources */,
			);
			buildRules = (
			);
			dependencies = (
			);
			name = ScrollViewDynamicContainerHeightAutolayout;
			productName = ScrollViewDynamicContainerHeightAutolayout;
			productReference = ADC68E4C22EF1E8C0049DD61 /* ScrollViewDynamicContainerHeightAutolayout.app */;
			productType = "com.apple.product-type.application";
		};
		ADC68E5F22EF1E8F0049DD61 /* ScrollViewDynamicContainerHeightAutolayoutTests */ = {
			isa = PBXNativeTarget;
			buildConfigurationList = ADC68E6C22EF1E8F0049DD61 /* Build configuration list for PBXNativeTarget "ScrollViewDynamicContainerHeightAutolayoutTests" */;
			buildPhases = (
				ADC68E5C22EF1E8F0049DD61 /* Sources */,
				ADC68E5D22EF1E8F0049DD61 /* Frameworks */,
				ADC68E5E22EF1E8F0049DD61 /* Resources */,
			);
			buildRules = (
			);
			dependencies = (
				ADC68E6222EF1E8F0049DD61 /* PBXTargetDependency */,
			);
			name = ScrollViewDynamicContainerHeightAutolayoutTests;
			productName = ScrollViewDynamicContainerHeightAutolayoutTests;
			productReference = ADC68E6022EF1E8F0049DD61 /* ScrollViewDynamicContainerHeightAutolayoutTests.xctest */;
			productType = "com.apple.product-type.bundle.unit-test";
		};
/* End PBXNativeTarget section */

/* Begin PBXProject section */
		ADC68E4422EF1E8C0049DD61 /* Project object */ = {
			isa = PBXProject;
			attributes = {
				LastSwiftUpdateCheck = 1020;
				LastUpgradeCheck = 1020;
				ORGANIZATIONNAME = hachinobu;
				TargetAttributes = {
					ADC68E4B22EF1E8C0049DD61 = {
						CreatedOnToolsVersion = 10.2.1;
					};
					ADC68E5F22EF1E8F0049DD61 = {
						CreatedOnToolsVersion = 10.2.1;
						TestTargetID = ADC68E4B22EF1E8C0049DD61;
					};
				};
			};
			buildConfigurationList = ADC68E4722EF1E8C0049DD61 /* Build configuration list for PBXProject "ScrollViewDynamicContainerHeightAutolayout" */;
			compatibilityVersion = "Xcode 9.3";
			developmentRegion = en;
			hasScannedForEncodings = 0;
			knownRegions = (
				en,
				Base,
			);
			mainGroup = ADC68E4322EF1E8C0049DD61;
			productRefGroup = ADC68E4D22EF1E8C0049DD61 /* Products */;
			projectDirPath = "";
			projectRoot = "";
			targets = (
				ADC68E4B22EF1E8C0049DD61 /* ScrollViewDynamicContainerHeightAutolayout */,
				ADC68E5F22EF1E8F0049DD61 /* ScrollViewDynamicContainerHeightAutolayoutTests */,
			);
		};
/* End PBXProject section */

/* Begin PBXResourcesBuildPhase section */
		ADC68E4A22EF1E8C0049DD61 /* Resources */ = {
			isa = PBXResourcesBuildPhase;
			buildActionMask = 2147483647;
			files = (
				ADC68E5A22EF1E8F0049DD61 /* LaunchScreen.storyboard in Resources */,
				ADC68E7222EF1F0E0049DD61 /* FixHeightContainerViewController1.xib in Resources */,
				ADC68E5722EF1E8F0049DD61 /* Assets.xcassets in Resources */,
				ADC68E5522EF1E8C0049DD61 /* Main.storyboard in Resources */,
				ADC68E7622EF1F700049DD61 /* FixHeightContainerViewController2.xib in Resources */,
				ADC68E7A22EF20230049DD61 /* DynamicHeightContainerViewController1.xib in Resources */,
			);
			runOnlyForDeploymentPostprocessing = 0;
		};
		ADC68E5E22EF1E8F0049DD61 /* Resources */ = {
			isa = PBXResourcesBuildPhase;
			buildActionMask = 2147483647;
			files = (
			);
			runOnlyForDeploymentPostprocessing = 0;
		};
/* End PBXResourcesBuildPhase section */

/* Begin PBXSourcesBuildPhase section */
		ADC68E4822EF1E8C0049DD61 /* Sources */ = {
			isa = PBXSourcesBuildPhase;
			buildActionMask = 2147483647;
			files = (
				ADC68E7922EF20230049DD61 /* DynamicHeightContainerViewController1.swift in Sources */,
				ADC68E7122EF1F0E0049DD61 /* FixHeightContainerViewController1.swift in Sources */,
				ADC68E5222EF1E8C0049DD61 /* ViewController.swift in Sources */,
				ADC68E7522EF1F700049DD61 /* FixHeightContainerViewController2.swift in Sources */,
				ADC68E5022EF1E8C0049DD61 /* AppDelegate.swift in Sources */,
			);
			runOnlyForDeploymentPostprocessing = 0;
		};
		ADC68E5C22EF1E8F0049DD61 /* Sources */ = {
			isa = PBXSourcesBuildPhase;
			buildActionMask = 2147483647;
			files = (
				ADC68E6522EF1E8F0049DD61 /* ScrollViewDynamicContainerHeightAutolayoutTests.swift in Sources */,
			);
			runOnlyForDeploymentPostprocessing = 0;
		};
/* End PBXSourcesBuildPhase section */

/* Begin PBXTargetDependency section */
		ADC68E6222EF1E8F0049DD61 /* PBXTargetDependency */ = {
			isa = PBXTargetDependency;
			target = ADC68E4B22EF1E8C0049DD61 /* ScrollViewDynamicContainerHeightAutolayout */;
			targetProxy = ADC68E6122EF1E8F0049DD61 /* PBXContainerItemProxy */;
		};
/* End PBXTargetDependency section */

/* Begin PBXVariantGroup section */
		ADC68E5322EF1E8C0049DD61 /* Main.storyboard */ = {
			isa = PBXVariantGroup;
			children = (
				ADC68E5422EF1E8C0049DD61 /* Base */,
			);
			name = Main.storyboard;
			sourceTree = "<group>";
		};
		ADC68E5822EF1E8F0049DD61 /* LaunchScreen.storyboard */ = {
			isa = PBXVariantGroup;
			children = (
				ADC68E5922EF1E8F0049DD61 /* Base */,
			);
			name = LaunchScreen.storyboard;
			sourceTree = "<group>";
		};
/* End PBXVariantGroup section */

/* Begin XCBuildConfiguration section */
		ADC68E6722EF1E8F0049DD61 /* Debug */ = {
			isa = XCBuildConfiguration;
			buildSettings = {
				ALWAYS_SEARCH_USER_PATHS = NO;
				CLANG_ANALYZER_NONNULL = YES;
				CLANG_ANALYZER_NUMBER_OBJECT_CONVERSION = YES_AGGRESSIVE;
				CLANG_CXX_LANGUAGE_STANDARD = "gnu++14";
				CLANG_CXX_LIBRARY = "libc++";
				CLANG_ENABLE_MODULES = YES;
				CLANG_ENABLE_OBJC_ARC = YES;
				CLANG_ENABLE_OBJC_WEAK = YES;
				CLANG_WARN_BLOCK_CAPTURE_AUTORELEASING = YES;
				CLANG_WARN_BOOL_CONVERSION = YES;
				CLANG_WARN_COMMA = YES;
				CLANG_WARN_CONSTANT_CONVERSION = YES;
				CLANG_WARN_DEPRECATED_OBJC_IMPLEMENTATIONS = YES;
				CLANG_WARN_DIRECT_OBJC_ISA_USAGE = YES_ERROR;
				CLANG_WARN_DOCUMENTATION_COMMENTS = YES;
				CLANG_WARN_EMPTY_BODY = YES;
				CLANG_WARN_ENUM_CONVERSION = YES;
				CLANG_WARN_INFINITE_RECURSION = YES;
				CLANG_WARN_INT_CONVERSION = YES;
				CLANG_WARN_NON_LITERAL_NULL_CONVERSION = YES;
				CLANG_WARN_OBJC_IMPLICIT_RETAIN_SELF = YES;
				CLANG_WARN_OBJC_LITERAL_CONVERSION = YES;
				CLANG_WARN_OBJC_ROOT_CLASS = YES_ERROR;
				CLANG_WARN_RANGE_LOOP_ANALYSIS = YES;
				CLANG_WARN_STRICT_PROTOTYPES = YES;
				CLANG_WARN_SUSPICIOUS_MOVE = YES;
				CLANG_WARN_UNGUARDED_AVAILABILITY = YES_AGGRESSIVE;
				CLANG_WARN_UNREACHABLE_CODE = YES;
				CLANG_WARN__DUPLICATE_METHOD_MATCH = YES;
				CODE_SIGN_IDENTITY = "iPhone Developer";
				COPY_PHASE_STRIP = NO;
				DEBUG_INFORMATION_FORMAT = dwarf;
				ENABLE_STRICT_OBJC_MSGSEND = YES;
				ENABLE_TESTABILITY = YES;
				GCC_C_LANGUAGE_STANDARD = gnu11;
				GCC_DYNAMIC_NO_PIC = NO;
				GCC_NO_COMMON_BLOCKS = YES;
				GCC_OPTIMIZATION_LEVEL = 0;
				GCC_PREPROCESSOR_DEFINITIONS = (
					"DEBUG=1",
					"$(inherited)",
				);
				GCC_WARN_64_TO_32_BIT_CONVERSION = YES;
				GCC_WARN_ABOUT_RETURN_TYPE = YES_ERROR;
				GCC_WARN_UNDECLARED_SELECTOR = YES;
				GCC_WARN_UNINITIALIZED_AUTOS = YES_AGGRESSIVE;
				GCC_WARN_UNUSED_FUNCTION = YES;
				GCC_WARN_UNUSED_VARIABLE = YES;
				IPHONEOS_DEPLOYMENT_TARGET = 12.2;
				MTL_ENABLE_DEBUG_INFO = INCLUDE_SOURCE;
				MTL_FAST_MATH = YES;
				ONLY_ACTIVE_ARCH = YES;
				SDKROOT = iphoneos;
				SWIFT_ACTIVE_COMPILATION_CONDITIONS = DEBUG;
				SWIFT_OPTIMIZATION_LEVEL = "-Onone";
			};
			name = Debug;
		};
		ADC68E6822EF1E8F0049DD61 /* Release */ = {
			isa = XCBuildConfiguration;
			buildSettings = {
				ALWAYS_SEARCH_USER_PATHS = NO;
				CLANG_ANALYZER_NONNULL = YES;
				CLANG_ANALYZER_NUMBER_OBJECT_CONVERSION = YES_AGGRESSIVE;
				CLANG_CXX_LANGUAGE_STANDARD = "gnu++14";
				CLANG_CXX_LIBRARY = "libc++";
				CLANG_ENABLE_MODULES = YES;
				CLANG_ENABLE_OBJC_ARC = YES;
				CLANG_ENABLE_OBJC_WEAK = YES;
				CLANG_WARN_BLOCK_CAPTURE_AUTORELEASING = YES;
				CLANG_WARN_BOOL_CONVERSION = YES;
				CLANG_WARN_COMMA = YES;
				CLANG_WARN_CONSTANT_CONVERSION = YES;
				CLANG_WARN_DEPRECATED_OBJC_IMPLEMENTATIONS = YES;
				CLANG_WARN_DIRECT_OBJC_ISA_USAGE = YES_ERROR;
				CLANG_WARN_DOCUMENTATION_COMMENTS = YES;
				CLANG_WARN_EMPTY_BODY = YES;
				CLANG_WARN_ENUM_CONVERSION = YES;
				CLANG_WARN_INFINITE_RECURSION = YES;
				CLANG_WARN_INT_CONVERSION = YES;
				CLANG_WARN_NON_LITERAL_NULL_CONVERSION = YES;
				CLANG_WARN_OBJC_IMPLICIT_RETAIN_SELF = YES;
				CLANG_WARN_OBJC_LITERAL_CONVERSION = YES;
				CLANG_WARN_OBJC_ROOT_CLASS = YES_ERROR;
				CLANG_WARN_RANGE_LOOP_ANALYSIS = YES;
				CLANG_WARN_STRICT_PROTOTYPES = YES;
				CLANG_WARN_SUSPICIOUS_MOVE = YES;
				CLANG_WARN_UNGUARDED_AVAILABILITY = YES_AGGRESSIVE;
				CLANG_WARN_UNREACHABLE_CODE = YES;
				CLANG_WARN__DUPLICATE_METHOD_MATCH = YES;
				CODE_SIGN_IDENTITY = "iPhone Developer";
				COPY_PHASE_STRIP = NO;
				DEBUG_INFORMATION_FORMAT = "dwarf-with-dsym";
				ENABLE_NS_ASSERTIONS = NO;
				ENABLE_STRICT_OBJC_MSGSEND = YES;
				GCC_C_LANGUAGE_STANDARD = gnu11;
				GCC_NO_COMMON_BLOCKS = YES;
				GCC_WARN_64_TO_32_BIT_CONVERSION = YES;
				GCC_WARN_ABOUT_RETURN_TYPE = YES_ERROR;
				GCC_WARN_UNDECLARED_SELECTOR = YES;
				GCC_WARN_UNINITIALIZED_AUTOS = YES_AGGRESSIVE;
				GCC_WARN_UNUSED_FUNCTION = YES;
				GCC_WARN_UNUSED_VARIABLE = YES;
				IPHONEOS_DEPLOYMENT_TARGET = 12.2;
				MTL_ENABLE_DEBUG_INFO = NO;
				MTL_FAST_MATH = YES;
				SDKROOT = iphoneos;
				SWIFT_COMPILATION_MODE = wholemodule;
				SWIFT_OPTIMIZATION_LEVEL = "-O";
				VALIDATE_PRODUCT = YES;
			};
			name = Release;
		};
		ADC68E6A22EF1E8F0049DD61 /* Debug */ = {
			isa = XCBuildConfiguration;
			buildSettings = {
				ASSETCATALOG_COMPILER_APPICON_NAME = AppIcon;
				CODE_SIGN_STYLE = Automatic;
				INFOPLIST_FILE = ScrollViewDynamicContainerHeightAutolayout/Info.plist;
				LD_RUNPATH_SEARCH_PATHS = (
					"$(inherited)",
					"@executable_path/Frameworks",
				);
				PRODUCT_BUNDLE_IDENTIFIER = com.hachinobu.ScrollViewDynamicContainerHeightAutolayout;
				PRODUCT_NAME = "$(TARGET_NAME)";
				SWIFT_VERSION = 5.0;
				TARGETED_DEVICE_FAMILY = "1,2";
			};
			name = Debug;
		};
		ADC68E6B22EF1E8F0049DD61 /* Release */ = {
			isa = XCBuildConfiguration;
			buildSettings = {
				ASSETCATALOG_COMPILER_APPICON_NAME = AppIcon;
				CODE_SIGN_STYLE = Automatic;
				INFOPLIST_FILE = ScrollViewDynamicContainerHeightAutolayout/Info.plist;
				LD_RUNPATH_SEARCH_PATHS = (
					"$(inherited)",
					"@executable_path/Frameworks",
				);
				PRODUCT_BUNDLE_IDENTIFIER = com.hachinobu.ScrollViewDynamicContainerHeightAutolayout;
				PRODUCT_NAME = "$(TARGET_NAME)";
				SWIFT_VERSION = 5.0;
				TARGETED_DEVICE_FAMILY = "1,2";
			};
			name = Release;
		};
		ADC68E6D22EF1E8F0049DD61 /* Debug */ = {
			isa = XCBuildConfiguration;
			buildSettings = {
				ALWAYS_EMBED_SWIFT_STANDARD_LIBRARIES = YES;
				BUNDLE_LOADER = "$(TEST_HOST)";
				CODE_SIGN_STYLE = Automatic;
				INFOPLIST_FILE = ScrollViewDynamicContainerHeightAutolayoutTests/Info.plist;
				LD_RUNPATH_SEARCH_PATHS = (
					"$(inherited)",
					"@executable_path/Frameworks",
					"@loader_path/Frameworks",
				);
				PRODUCT_BUNDLE_IDENTIFIER = com.hachinobu.ScrollViewDynamicContainerHeightAutolayoutTests;
				PRODUCT_NAME = "$(TARGET_NAME)";
				SWIFT_VERSION = 5.0;
				TARGETED_DEVICE_FAMILY = "1,2";
				TEST_HOST = "$(BUILT_PRODUCTS_DIR)/ScrollViewDynamicContainerHeightAutolayout.app/ScrollViewDynamicContainerHeightAutolayout";
			};
			name = Debug;
		};
		ADC68E6E22EF1E8F0049DD61 /* Release */ = {
			isa = XCBuildConfiguration;
			buildSettings = {
				ALWAYS_EMBED_SWIFT_STANDARD_LIBRARIES = YES;
				BUNDLE_LOADER = "$(TEST_HOST)";
				CODE_SIGN_STYLE = Automatic;
				INFOPLIST_FILE = ScrollViewDynamicContainerHeightAutolayoutTests/Info.plist;
				LD_RUNPATH_SEARCH_PATHS = (
					"$(inherited)",
					"@executable_path/Frameworks",
					"@loader_path/Frameworks",
				);
				PRODUCT_BUNDLE_IDENTIFIER = com.hachinobu.ScrollViewDynamicContainerHeightAutolayoutTests;
				PRODUCT_NAME = "$(TARGET_NAME)";
				SWIFT_VERSION = 5.0;
				TARGETED_DEVICE_FAMILY = "1,2";
				TEST_HOST = "$(BUILT_PRODUCTS_DIR)/ScrollViewDynamicContainerHeightAutolayout.app/ScrollViewDynamicContainerHeightAutolayout";
			};
			name = Release;
		};
/* End XCBuildConfiguration section */

/* Begin XCConfigurationList section */
		ADC68E4722EF1E8C0049DD61 /* Build configuration list for PBXProject "ScrollViewDynamicContainerHeightAutolayout" */ = {
			isa = XCConfigurationList;
			buildConfigurations = (
				ADC68E6722EF1E8F0049DD61 /* Debug */,
				ADC68E6822EF1E8F0049DD61 /* Release */,
			);
			defaultConfigurationIsVisible = 0;
			defaultConfigurationName = Release;
		};
		ADC68E6922EF1E8F0049DD61 /* Build configuration list for PBXNativeTarget "ScrollViewDynamicContainerHeightAutolayout" */ = {
			isa = XCConfigurationList;
			buildConfigurations = (
				ADC68E6A22EF1E8F0049DD61 /* Debug */,
				ADC68E6B22EF1E8F0049DD61 /* Release */,
			);
			defaultConfigurationIsVisible = 0;
			defaultConfigurationName = Release;
		};
		ADC68E6C22EF1E8F0049DD61 /* Build configuration list for PBXNativeTarget "ScrollViewDynamicContainerHeightAutolayoutTests" */ = {
			isa = XCConfigurationList;
			buildConfigurations = (
				ADC68E6D22EF1E8F0049DD61 /* Debug */,
				ADC68E6E22EF1E8F0049DD61 /* Release */,
			);
			defaultConfigurationIsVisible = 0;
			defaultConfigurationName = Release;
		};
/* End XCConfigurationList section */
	};
	rootObject = ADC68E4422EF1E8C0049DD61 /* Project object */;
}
